
Microsoft Visual Studio Solution File, Format Version 12.00
# Visual Studio Version 17
VisualStudioVersion = 17.9.34902.65
MinimumVisualStudioVersion = 10.0.40219.1
Project("{FAE04EC0-301F-11D3-BF4B-00C04F79EFBC}") = "ChatApplication", "ChatApplication\ChatApplication.csproj", "{8B7F1118-8CFC-4CEE-B345-83F078D870F4}"
EndProject
Global
	GlobalSection(SolutionConfigurationPlatforms) = preSolution
		Debug|Any CPU = Debug|Any CPU
		Release|Any CPU = Release|Any CPU
	EndGlobalSection
	GlobalSection(ProjectConfigurationPlatforms) = postSolution
		{8B7F1118-8CFC-4CEE-B345-83F078D870F4}.Debug|Any CPU.ActiveCfg = Debug|Any CPU
		{8B7F1118-8CFC-4CEE-B345-83F078D870F4}.Debug|Any CPU.Build.0 = Debug|Any CPU
		{8B7F1118-8CFC-4CEE-B345-83F078D870F4}.Release|Any CPU.ActiveCfg = Release|Any CPU
		{8B7F1118-8CFC-4CEE-B345-83F078D870F4}.Release|Any CPU.Build.0 = Release|Any CPU
	EndGlobalSection
	GlobalSection(SolutionProperties) = preSolution
		HideSolutionNode = FALSE
	EndGlobalSection
	GlobalSection(ExtensibilityGlobals) = postSolution
		SolutionGuid = {5F380954-4B4C-4996-B956-0DF2CEE69759}
	EndGlobalSection
EndGlobal
